
Microsoft Visual Studio Solution File, Format Version 12.00
# Visual Studio 14
VisualStudioVersion = 14.0.25420.1
MinimumVisualStudioVersion = 10.0.40219.1
Project("{FAE04EC0-301F-11D3-BF4B-00C04F79EFBC}") = "ViewStatDemo", "ViewStatDemo\ViewStatDemo.csproj", "{DE6E525A-2B4B-4775-BC48-3A9E1335EEE4}"
EndProject
Project("{FAE04EC0-301F-11D3-BF4B-00C04F79EFBC}") = "ADOdotNET", "ADOdotNET\ADOdotNET.csproj", "{4BE0C577-0C20-4DF5-8FB3-87F2B44D89EA}"
EndProject
Project("{FAE04EC0-301F-11D3-BF4B-00C04F79EFBC}") = "GridView", "GridView\GridView.csproj", "{2E4217FB-8A15-465E-A8F7-7E58C91FA90E}"
EndProject
Project("{2150E333-8FDC-42A3-9474-1A3956D46DE8}") = "WCF", "WCF", "{0820DCFD-2717-4A4A-95D4-0A3DF2384D81}"
EndProject
Project("{FAE04EC0-301F-11D3-BF4B-00C04F79EFBC}") = "HelloWCF", "HelloWCF\HelloWCF.csproj", "{B02E99AD-6B6F-43D5-84AA-6F946807B5D7}"
EndProject
Project("{FAE04EC0-301F-11D3-BF4B-00C04F79EFBC}") = "HelloServiceHost", "HelloServiceHost\HelloServiceHost.csproj", "{34C0691F-277E-4439-94A1-959928153F9F}"
EndProject
Project("{2150E333-8FDC-42A3-9474-1A3956D46DE8}") = "Clients", "Clients", "{88B6F40C-BEAC-4C20-B98A-90C5C3AD4A40}"
EndProject
Project("{FAE04EC0-301F-11D3-BF4B-00C04F79EFBC}") = "HelloServiceClient", "HelloServiceClient\HelloServiceClient.csproj", "{F1D47F0C-95A9-4E4B-A019-57895C3C871A}"
EndProject
Project("{2150E333-8FDC-42A3-9474-1A3956D46DE8}") = "Entity Framework", "Entity Framework", "{ECDE99DE-CA2A-454A-BB9F-FC06F9F18994}"
EndProject
Project("{FAE04EC0-301F-11D3-BF4B-00C04F79EFBC}") = "Demo", "Demo\Demo.csproj", "{2AE56971-42F8-4AB0-B071-1F5AF170F590}"
EndProject
Project("{2150E333-8FDC-42A3-9474-1A3956D46DE8}") = "ADO.NET", "ADO.NET", "{45AC1B5F-A93D-4462-89CC-D6C1AD65AD08}"
EndProject
Project("{2150E333-8FDC-42A3-9474-1A3956D46DE8}") = "ASP.NET MVC", "ASP.NET MVC", "{55721656-5E55-4B79-899F-5027AFEDCAD7}"
EndProject
Project("{2150E333-8FDC-42A3-9474-1A3956D46DE8}") = "LINQ", "LINQ", "{7ECA06DF-BBFE-44E3-AAC6-45DC8A526B06}"
EndProject
Project("{2150E333-8FDC-42A3-9474-1A3956D46DE8}") = "ASP.NET", "ASP.NET", "{0F86B896-C923-4C18-A9D6-148D8C25DD27}"
EndProject
Project("{FAE04EC0-301F-11D3-BF4B-00C04F79EFBC}") = "LinqDemo", "LinqDemo\LinqDemo.csproj", "{1C2A58DD-4C10-4D11-AA52-85B54BC59622}"
EndProject
Project("{2150E333-8FDC-42A3-9474-1A3956D46DE8}") = "Chart Control", "Chart Control", "{C95E6831-7ADD-4BD4-9C77-0C341CFD787E}"
EndProject
Project("{FAE04EC0-301F-11D3-BF4B-00C04F79EFBC}") = "01_StudentChart", "WebApplication5\01_StudentChart.csproj", "{4229E20D-5DC2-4F29-A000-3FA422044DE4}"
EndProject
Project("{2150E333-8FDC-42A3-9474-1A3956D46DE8}") = "JavaScript", "JavaScript", "{DBAB874F-EEC8-4987-A479-E18D3361C46A}"
EndProject
Project("{FAE04EC0-301F-11D3-BF4B-00C04F79EFBC}") = "03_WebApplication", "03_WebApplication\03_WebApplication.csproj", "{B5ACD7DB-681A-4ECD-8A83-A4D7F1B583D4}"
EndProject
Project("{2150E333-8FDC-42A3-9474-1A3956D46DE8}") = "jQuery", "jQuery", "{A8DDD8ED-59BB-49C2-AE08-873ACA8BDFF7}"
EndProject
Project("{FAE04EC0-301F-11D3-BF4B-00C04F79EFBC}") = "jQueryWebForms", "jQueryWebForms\jQueryWebForms.csproj", "{111AAA9B-AEB6-4742-AB40-E1C770A4948D}"
EndProject
Project("{2150E333-8FDC-42A3-9474-1A3956D46DE8}") = "AngularJS", "AngularJS", "{309289EA-694B-448A-84B5-EFDA7639FA1B}"
EndProject
Project("{FAE04EC0-301F-11D3-BF4B-00C04F79EFBC}") = "AngularWebApplication", "AngularWebApplication\AngularWebApplication.csproj", "{BBE73C10-C9E8-4265-A4F4-1F5BC78078C6}"
EndProject
Project("{2150E333-8FDC-42A3-9474-1A3956D46DE8}") = "bootstrap", "bootstrap", "{31AB7F77-EBEB-4F5E-9752-06A7DAB55677}"
EndProject
Project("{FAE04EC0-301F-11D3-BF4B-00C04F79EFBC}") = "bootstrapWebApplication", "bootstrapWebApplication\bootstrapWebApplication.csproj", "{CA9A6AEF-03EF-43F5-9F83-3914AB54D94D}"
EndProject
Project("{2150E333-8FDC-42A3-9474-1A3956D46DE8}") = "ASP.NET web API", "ASP.NET web API", "{1DEB61AE-F04C-4445-935E-BD9B9D985407}"
EndProject
Project("{FAE04EC0-301F-11D3-BF4B-00C04F79EFBC}") = "webAPIDemo", "webAPIDemo\webAPIDemo.csproj", "{E6FB0866-5452-4BDE-9486-955E7AF32731}"
EndProject
Project("{FAE04EC0-301F-11D3-BF4B-00C04F79EFBC}") = "EmployeeService", "EmployeeService\EmployeeService.csproj", "{1595B36A-AC59-4DE6-98CC-61537FEAA68F}"
EndProject
Project("{FAE04EC0-301F-11D3-BF4B-00C04F79EFBC}") = "webAPIDBAccess", "webAPIDBAccess\webAPIDBAccess.csproj", "{BB1D8AB2-226E-413E-B110-4FDA2CFF99D3}"
EndProject
Project("{2150E333-8FDC-42A3-9474-1A3956D46DE8}") = "C sharp", "C sharp", "{7EE963C0-8325-4FAC-97A2-805165BB8A82}"
EndProject
Project("{FAE04EC0-301F-11D3-BF4B-00C04F79EFBC}") = "ConsoleApplication", "CSharp\ConsoleApplication\ConsoleApplication.csproj", "{ED4C69D3-48AC-474F-AC70-BDD23FBD1521}"
EndProject
Project("{FAE04EC0-301F-11D3-BF4B-00C04F79EFBC}") = "ViewStateDemo", "ViewStateDemo\ViewStateDemo.csproj", "{F233DAC0-7A8C-4E1C-AACA-B08D56B33D79}"
EndProject
Project("{FAE04EC0-301F-11D3-BF4B-00C04F79EFBC}") = "022_CascadingDropdown", "022_CascadingDropdown\022_CascadingDropdown.csproj", "{5CAF3AD3-D457-48BB-8856-EFA9A11502DA}"
EndProject
Project("{FAE04EC0-301F-11D3-BF4B-00C04F79EFBC}") = "08_MVCDemo", "MVCDemo\08_MVCDemo.csproj", "{FAC10971-E012-462C-BD01-05826DF1E78E}"
EndProject
Project("{FAE04EC0-301F-11D3-BF4B-00C04F79EFBC}") = "11_MVCDemo", "11_MVCDemo\11_MVCDemo.csproj", "{E2404E08-698B-47F8-8014-3DFCAB978355}"
EndProject
Project("{FAE04EC0-301F-11D3-BF4B-00C04F79EFBC}") = "11_BusinessLayer", "11_BusinessLayer\11_BusinessLayer.csproj", "{E638B4A3-B645-4C0A-851B-FB62939B2994}"
EndProject
Project("{2150E333-8FDC-42A3-9474-1A3956D46DE8}") = "LINQ2SQL", "LINQ2SQL", "{7D6BE67B-ABE8-4829-99A8-86A33FBE67D1}"
EndProject
Project("{FAE04EC0-301F-11D3-BF4B-00C04F79EFBC}") = "01_Demo", "01_Demo\01_Demo.csproj", "{B4C78361-62A9-40F7-BDD1-F4775A48E8DD}"
EndProject
Project("{2150E333-8FDC-42A3-9474-1A3956D46DE8}") = "JavaScript in ASP.NET", "JavaScript in ASP.NET", "{8CD41D36-D47E-4E70-AE34-87DC13090E2D}"
EndProject
Project("{FAE04EC0-301F-11D3-BF4B-00C04F79EFBC}") = "02_Demo", "02_Demo\02_Demo.csproj", "{388BBCB3-409D-44C4-A8AD-47A4D68C7E09}"
EndProject
Project("{FAE04EC0-301F-11D3-BF4B-00C04F79EFBC}") = "01_WebApplication", "01_WebApplication\01_WebApplication.csproj", "{3FE419D5-45E0-4820-B225-B82098B1C90C}"
EndProject
Project("{FAE04EC0-301F-11D3-BF4B-00C04F79EFBC}") = "20_EmployeeService", "20_EmployeeService\20_EmployeeService.csproj", "{8012B1ED-2EA0-4A19-AA3E-0877C1A16DDA}"
EndProject
Project("{2150E333-8FDC-42A3-9474-1A3956D46DE8}") = "NHibernate", "NHibernate", "{D0B95410-77C2-4C58-B7AF-0B520FD6520C}"
EndProject
Project("{FAE04EC0-301F-11D3-BF4B-00C04F79EFBC}") = "NHibernateDemo_pls_13", "NHibernateDemo_pls_13\NHibernateDemo_pls_13.csproj", "{49E51B34-5C61-4AEE-8948-21511479F7E7}"
EndProject
Global
	GlobalSection(SolutionConfigurationPlatforms) = preSolution
		Debug|Any CPU = Debug|Any CPU
		Release|Any CPU = Release|Any CPU
	EndGlobalSection
	GlobalSection(ProjectConfigurationPlatforms) = postSolution
		{DE6E525A-2B4B-4775-BC48-3A9E1335EEE4}.Debug|Any CPU.ActiveCfg = Debug|Any CPU
		{DE6E525A-2B4B-4775-BC48-3A9E1335EEE4}.Debug|Any CPU.Build.0 = Debug|Any CPU
		{DE6E525A-2B4B-4775-BC48-3A9E1335EEE4}.Release|Any CPU.ActiveCfg = Release|Any CPU
		{DE6E525A-2B4B-4775-BC48-3A9E1335EEE4}.Release|Any CPU.Build.0 = Release|Any CPU
		{4BE0C577-0C20-4DF5-8FB3-87F2B44D89EA}.Debug|Any CPU.ActiveCfg = Debug|Any CPU
		{4BE0C577-0C20-4DF5-8FB3-87F2B44D89EA}.Debug|Any CPU.Build.0 = Debug|Any CPU
		{4BE0C577-0C20-4DF5-8FB3-87F2B44D89EA}.Release|Any CPU.ActiveCfg = Release|Any CPU
		{4BE0C577-0C20-4DF5-8FB3-87F2B44D89EA}.Release|Any CPU.Build.0 = Release|Any CPU
		{2E4217FB-8A15-465E-A8F7-7E58C91FA90E}.Debug|Any CPU.ActiveCfg = Debug|Any CPU
		{2E4217FB-8A15-465E-A8F7-7E58C91FA90E}.Debug|Any CPU.Build.0 = Debug|Any CPU
		{2E4217FB-8A15-465E-A8F7-7E58C91FA90E}.Release|Any CPU.ActiveCfg = Release|Any CPU
		{2E4217FB-8A15-465E-A8F7-7E58C91FA90E}.Release|Any CPU.Build.0 = Release|Any CPU
		{B02E99AD-6B6F-43D5-84AA-6F946807B5D7}.Debug|Any CPU.ActiveCfg = Debug|Any CPU
		{B02E99AD-6B6F-43D5-84AA-6F946807B5D7}.Debug|Any CPU.Build.0 = Debug|Any CPU
		{B02E99AD-6B6F-43D5-84AA-6F946807B5D7}.Release|Any CPU.ActiveCfg = Release|Any CPU
		{B02E99AD-6B6F-43D5-84AA-6F946807B5D7}.Release|Any CPU.Build.0 = Release|Any CPU
		{34C0691F-277E-4439-94A1-959928153F9F}.Debug|Any CPU.ActiveCfg = Debug|Any CPU
		{34C0691F-277E-4439-94A1-959928153F9F}.Debug|Any CPU.Build.0 = Debug|Any CPU
		{34C0691F-277E-4439-94A1-959928153F9F}.Release|Any CPU.ActiveCfg = Release|Any CPU
		{34C0691F-277E-4439-94A1-959928153F9F}.Release|Any CPU.Build.0 = Release|Any CPU
		{F1D47F0C-95A9-4E4B-A019-57895C3C871A}.Debug|Any CPU.ActiveCfg = Debug|Any CPU
		{F1D47F0C-95A9-4E4B-A019-57895C3C871A}.Debug|Any CPU.Build.0 = Debug|Any CPU
		{F1D47F0C-95A9-4E4B-A019-57895C3C871A}.Release|Any CPU.ActiveCfg = Release|Any CPU
		{F1D47F0C-95A9-4E4B-A019-57895C3C871A}.Release|Any CPU.Build.0 = Release|Any CPU
		{2AE56971-42F8-4AB0-B071-1F5AF170F590}.Debug|Any CPU.ActiveCfg = Debug|Any CPU
		{2AE56971-42F8-4AB0-B071-1F5AF170F590}.Debug|Any CPU.Build.0 = Debug|Any CPU
		{2AE56971-42F8-4AB0-B071-1F5AF170F590}.Release|Any CPU.ActiveCfg = Release|Any CPU
		{2AE56971-42F8-4AB0-B071-1F5AF170F590}.Release|Any CPU.Build.0 = Release|Any CPU
		{1C2A58DD-4C10-4D11-AA52-85B54BC59622}.Debug|Any CPU.ActiveCfg = Debug|Any CPU
		{1C2A58DD-4C10-4D11-AA52-85B54BC59622}.Debug|Any CPU.Build.0 = Debug|Any CPU
		{1C2A58DD-4C10-4D11-AA52-85B54BC59622}.Release|Any CPU.ActiveCfg = Release|Any CPU
		{1C2A58DD-4C10-4D11-AA52-85B54BC59622}.Release|Any CPU.Build.0 = Release|Any CPU
		{4229E20D-5DC2-4F29-A000-3FA422044DE4}.Debug|Any CPU.ActiveCfg = Debug|Any CPU
		{4229E20D-5DC2-4F29-A000-3FA422044DE4}.Debug|Any CPU.Build.0 = Debug|Any CPU
		{4229E20D-5DC2-4F29-A000-3FA422044DE4}.Release|Any CPU.ActiveCfg = Release|Any CPU
		{4229E20D-5DC2-4F29-A000-3FA422044DE4}.Release|Any CPU.Build.0 = Release|Any CPU
		{B5ACD7DB-681A-4ECD-8A83-A4D7F1B583D4}.Debug|Any CPU.ActiveCfg = Debug|Any CPU
		{B5ACD7DB-681A-4ECD-8A83-A4D7F1B583D4}.Debug|Any CPU.Build.0 = Debug|Any CPU
		{B5ACD7DB-681A-4ECD-8A83-A4D7F1B583D4}.Release|Any CPU.ActiveCfg = Release|Any CPU
		{B5ACD7DB-681A-4ECD-8A83-A4D7F1B583D4}.Release|Any CPU.Build.0 = Release|Any CPU
		{111AAA9B-AEB6-4742-AB40-E1C770A4948D}.Debug|Any CPU.ActiveCfg = Debug|Any CPU
		{111AAA9B-AEB6-4742-AB40-E1C770A4948D}.Debug|Any CPU.Build.0 = Debug|Any CPU
		{111AAA9B-AEB6-4742-AB40-E1C770A4948D}.Release|Any CPU.ActiveCfg = Release|Any CPU
		{111AAA9B-AEB6-4742-AB40-E1C770A4948D}.Release|Any CPU.Build.0 = Release|Any CPU
		{BBE73C10-C9E8-4265-A4F4-1F5BC78078C6}.Debug|Any CPU.ActiveCfg = Debug|Any CPU
		{BBE73C10-C9E8-4265-A4F4-1F5BC78078C6}.Debug|Any CPU.Build.0 = Debug|Any CPU
		{BBE73C10-C9E8-4265-A4F4-1F5BC78078C6}.Release|Any CPU.ActiveCfg = Release|Any CPU
		{BBE73C10-C9E8-4265-A4F4-1F5BC78078C6}.Release|Any CPU.Build.0 = Release|Any CPU
		{CA9A6AEF-03EF-43F5-9F83-3914AB54D94D}.Debug|Any CPU.ActiveCfg = Debug|Any CPU
		{CA9A6AEF-03EF-43F5-9F83-3914AB54D94D}.Debug|Any CPU.Build.0 = Debug|Any CPU
		{CA9A6AEF-03EF-43F5-9F83-3914AB54D94D}.Release|Any CPU.ActiveCfg = Release|Any CPU
		{CA9A6AEF-03EF-43F5-9F83-3914AB54D94D}.Release|Any CPU.Build.0 = Release|Any CPU
		{E6FB0866-5452-4BDE-9486-955E7AF32731}.Debug|Any CPU.ActiveCfg = Debug|Any CPU
		{E6FB0866-5452-4BDE-9486-955E7AF32731}.Debug|Any CPU.Build.0 = Debug|Any CPU
		{E6FB0866-5452-4BDE-9486-955E7AF32731}.Release|Any CPU.ActiveCfg = Release|Any CPU
		{E6FB0866-5452-4BDE-9486-955E7AF32731}.Release|Any CPU.Build.0 = Release|Any CPU
		{1595B36A-AC59-4DE6-98CC-61537FEAA68F}.Debug|Any CPU.ActiveCfg = Debug|Any CPU
		{1595B36A-AC59-4DE6-98CC-61537FEAA68F}.Debug|Any CPU.Build.0 = Debug|Any CPU
		{1595B36A-AC59-4DE6-98CC-61537FEAA68F}.Release|Any CPU.ActiveCfg = Release|Any CPU
		{1595B36A-AC59-4DE6-98CC-61537FEAA68F}.Release|Any CPU.Build.0 = Release|Any CPU
		{BB1D8AB2-226E-413E-B110-4FDA2CFF99D3}.Debug|Any CPU.ActiveCfg = Debug|Any CPU
		{BB1D8AB2-226E-413E-B110-4FDA2CFF99D3}.Debug|Any CPU.Build.0 = Debug|Any CPU
		{BB1D8AB2-226E-413E-B110-4FDA2CFF99D3}.Release|Any CPU.ActiveCfg = Release|Any CPU
		{BB1D8AB2-226E-413E-B110-4FDA2CFF99D3}.Release|Any CPU.Build.0 = Release|Any CPU
		{ED4C69D3-48AC-474F-AC70-BDD23FBD1521}.Debug|Any CPU.ActiveCfg = Debug|Any CPU
		{ED4C69D3-48AC-474F-AC70-BDD23FBD1521}.Debug|Any CPU.Build.0 = Debug|Any CPU
		{ED4C69D3-48AC-474F-AC70-BDD23FBD1521}.Release|Any CPU.ActiveCfg = Release|Any CPU
		{ED4C69D3-48AC-474F-AC70-BDD23FBD1521}.Release|Any CPU.Build.0 = Release|Any CPU
		{F233DAC0-7A8C-4E1C-AACA-B08D56B33D79}.Debug|Any CPU.ActiveCfg = Debug|Any CPU
		{F233DAC0-7A8C-4E1C-AACA-B08D56B33D79}.Debug|Any CPU.Build.0 = Debug|Any CPU
		{F233DAC0-7A8C-4E1C-AACA-B08D56B33D79}.Release|Any CPU.ActiveCfg = Release|Any CPU
		{F233DAC0-7A8C-4E1C-AACA-B08D56B33D79}.Release|Any CPU.Build.0 = Release|Any CPU
		{5CAF3AD3-D457-48BB-8856-EFA9A11502DA}.Debug|Any CPU.ActiveCfg = Debug|Any CPU
		{5CAF3AD3-D457-48BB-8856-EFA9A11502DA}.Debug|Any CPU.Build.0 = Debug|Any CPU
		{5CAF3AD3-D457-48BB-8856-EFA9A11502DA}.Release|Any CPU.ActiveCfg = Release|Any CPU
		{5CAF3AD3-D457-48BB-8856-EFA9A11502DA}.Release|Any CPU.Build.0 = Release|Any CPU
		{FAC10971-E012-462C-BD01-05826DF1E78E}.Debug|Any CPU.ActiveCfg = Debug|Any CPU
		{FAC10971-E012-462C-BD01-05826DF1E78E}.Debug|Any CPU.Build.0 = Debug|Any CPU
		{FAC10971-E012-462C-BD01-05826DF1E78E}.Release|Any CPU.ActiveCfg = Release|Any CPU
		{FAC10971-E012-462C-BD01-05826DF1E78E}.Release|Any CPU.Build.0 = Release|Any CPU
		{E2404E08-698B-47F8-8014-3DFCAB978355}.Debug|Any CPU.ActiveCfg = Debug|Any CPU
		{E2404E08-698B-47F8-8014-3DFCAB978355}.Debug|Any CPU.Build.0 = Debug|Any CPU
		{E2404E08-698B-47F8-8014-3DFCAB978355}.Release|Any CPU.ActiveCfg = Release|Any CPU
		{E2404E08-698B-47F8-8014-3DFCAB978355}.Release|Any CPU.Build.0 = Release|Any CPU
		{E638B4A3-B645-4C0A-851B-FB62939B2994}.Debug|Any CPU.ActiveCfg = Debug|Any CPU
		{E638B4A3-B645-4C0A-851B-FB62939B2994}.Debug|Any CPU.Build.0 = Debug|Any CPU
		{E638B4A3-B645-4C0A-851B-FB62939B2994}.Release|Any CPU.ActiveCfg = Release|Any CPU
		{E638B4A3-B645-4C0A-851B-FB62939B2994}.Release|Any CPU.Build.0 = Release|Any CPU
		{B4C78361-62A9-40F7-BDD1-F4775A48E8DD}.Debug|Any CPU.ActiveCfg = Debug|Any CPU
		{B4C78361-62A9-40F7-BDD1-F4775A48E8DD}.Debug|Any CPU.Build.0 = Debug|Any CPU
		{B4C78361-62A9-40F7-BDD1-F4775A48E8DD}.Release|Any CPU.ActiveCfg = Release|Any CPU
		{B4C78361-62A9-40F7-BDD1-F4775A48E8DD}.Release|Any CPU.Build.0 = Release|Any CPU
		{388BBCB3-409D-44C4-A8AD-47A4D68C7E09}.Debug|Any CPU.ActiveCfg = Debug|Any CPU
		{388BBCB3-409D-44C4-A8AD-47A4D68C7E09}.Debug|Any CPU.Build.0 = Debug|Any CPU
		{388BBCB3-409D-44C4-A8AD-47A4D68C7E09}.Release|Any CPU.ActiveCfg = Release|Any CPU
		{388BBCB3-409D-44C4-A8AD-47A4D68C7E09}.Release|Any CPU.Build.0 = Release|Any CPU
		{3FE419D5-45E0-4820-B225-B82098B1C90C}.Debug|Any CPU.ActiveCfg = Debug|Any CPU
		{3FE419D5-45E0-4820-B225-B82098B1C90C}.Debug|Any CPU.Build.0 = Debug|Any CPU
		{3FE419D5-45E0-4820-B225-B82098B1C90C}.Release|Any CPU.ActiveCfg = Release|Any CPU
		{3FE419D5-45E0-4820-B225-B82098B1C90C}.Release|Any CPU.Build.0 = Release|Any CPU
		{8012B1ED-2EA0-4A19-AA3E-0877C1A16DDA}.Debug|Any CPU.ActiveCfg = Debug|Any CPU
		{8012B1ED-2EA0-4A19-AA3E-0877C1A16DDA}.Debug|Any CPU.Build.0 = Debug|Any CPU
		{8012B1ED-2EA0-4A19-AA3E-0877C1A16DDA}.Release|Any CPU.ActiveCfg = Release|Any CPU
		{8012B1ED-2EA0-4A19-AA3E-0877C1A16DDA}.Release|Any CPU.Build.0 = Release|Any CPU
		{49E51B34-5C61-4AEE-8948-21511479F7E7}.Debug|Any CPU.ActiveCfg = Debug|Any CPU
		{49E51B34-5C61-4AEE-8948-21511479F7E7}.Debug|Any CPU.Build.0 = Debug|Any CPU
		{49E51B34-5C61-4AEE-8948-21511479F7E7}.Release|Any CPU.ActiveCfg = Release|Any CPU
		{49E51B34-5C61-4AEE-8948-21511479F7E7}.Release|Any CPU.Build.0 = Release|Any CPU
	EndGlobalSection
	GlobalSection(SolutionProperties) = preSolution
		HideSolutionNode = FALSE
	EndGlobalSection
	GlobalSection(NestedProjects) = preSolution
		{DE6E525A-2B4B-4775-BC48-3A9E1335EEE4} = {0F86B896-C923-4C18-A9D6-148D8C25DD27}
		{4BE0C577-0C20-4DF5-8FB3-87F2B44D89EA} = {45AC1B5F-A93D-4462-89CC-D6C1AD65AD08}
		{2E4217FB-8A15-465E-A8F7-7E58C91FA90E} = {0F86B896-C923-4C18-A9D6-148D8C25DD27}
		{B02E99AD-6B6F-43D5-84AA-6F946807B5D7} = {0820DCFD-2717-4A4A-95D4-0A3DF2384D81}
		{34C0691F-277E-4439-94A1-959928153F9F} = {0820DCFD-2717-4A4A-95D4-0A3DF2384D81}
		{88B6F40C-BEAC-4C20-B98A-90C5C3AD4A40} = {0820DCFD-2717-4A4A-95D4-0A3DF2384D81}
		{F1D47F0C-95A9-4E4B-A019-57895C3C871A} = {88B6F40C-BEAC-4C20-B98A-90C5C3AD4A40}
		{2AE56971-42F8-4AB0-B071-1F5AF170F590} = {ECDE99DE-CA2A-454A-BB9F-FC06F9F18994}
		{1C2A58DD-4C10-4D11-AA52-85B54BC59622} = {7ECA06DF-BBFE-44E3-AAC6-45DC8A526B06}
		{C95E6831-7ADD-4BD4-9C77-0C341CFD787E} = {0F86B896-C923-4C18-A9D6-148D8C25DD27}
		{4229E20D-5DC2-4F29-A000-3FA422044DE4} = {C95E6831-7ADD-4BD4-9C77-0C341CFD787E}
		{B5ACD7DB-681A-4ECD-8A83-A4D7F1B583D4} = {DBAB874F-EEC8-4987-A479-E18D3361C46A}
		{111AAA9B-AEB6-4742-AB40-E1C770A4948D} = {A8DDD8ED-59BB-49C2-AE08-873ACA8BDFF7}
		{BBE73C10-C9E8-4265-A4F4-1F5BC78078C6} = {309289EA-694B-448A-84B5-EFDA7639FA1B}
		{CA9A6AEF-03EF-43F5-9F83-3914AB54D94D} = {31AB7F77-EBEB-4F5E-9752-06A7DAB55677}
		{E6FB0866-5452-4BDE-9486-955E7AF32731} = {1DEB61AE-F04C-4445-935E-BD9B9D985407}
		{1595B36A-AC59-4DE6-98CC-61537FEAA68F} = {1DEB61AE-F04C-4445-935E-BD9B9D985407}
		{BB1D8AB2-226E-413E-B110-4FDA2CFF99D3} = {1DEB61AE-F04C-4445-935E-BD9B9D985407}
		{ED4C69D3-48AC-474F-AC70-BDD23FBD1521} = {7EE963C0-8325-4FAC-97A2-805165BB8A82}
		{F233DAC0-7A8C-4E1C-AACA-B08D56B33D79} = {0F86B896-C923-4C18-A9D6-148D8C25DD27}
		{5CAF3AD3-D457-48BB-8856-EFA9A11502DA} = {0F86B896-C923-4C18-A9D6-148D8C25DD27}
		{FAC10971-E012-462C-BD01-05826DF1E78E} = {55721656-5E55-4B79-899F-5027AFEDCAD7}
		{E2404E08-698B-47F8-8014-3DFCAB978355} = {55721656-5E55-4B79-899F-5027AFEDCAD7}
		{E638B4A3-B645-4C0A-851B-FB62939B2994} = {55721656-5E55-4B79-899F-5027AFEDCAD7}
		{7D6BE67B-ABE8-4829-99A8-86A33FBE67D1} = {7ECA06DF-BBFE-44E3-AAC6-45DC8A526B06}
		{B4C78361-62A9-40F7-BDD1-F4775A48E8DD} = {7D6BE67B-ABE8-4829-99A8-86A33FBE67D1}
		{8CD41D36-D47E-4E70-AE34-87DC13090E2D} = {DBAB874F-EEC8-4987-A479-E18D3361C46A}
		{388BBCB3-409D-44C4-A8AD-47A4D68C7E09} = {8CD41D36-D47E-4E70-AE34-87DC13090E2D}
		{3FE419D5-45E0-4820-B225-B82098B1C90C} = {DBAB874F-EEC8-4987-A479-E18D3361C46A}
		{8012B1ED-2EA0-4A19-AA3E-0877C1A16DDA} = {1DEB61AE-F04C-4445-935E-BD9B9D985407}
		{49E51B34-5C61-4AEE-8948-21511479F7E7} = {D0B95410-77C2-4C58-B7AF-0B520FD6520C}
	EndGlobalSection
EndGlobal
